
Microsoft Visual Studio Solution File, Format Version 12.00
# Visual Studio Version 16
VisualStudioVersion = 16.0.808.4
MinimumVisualStudioVersion = 10.0.40219.1
Project("{FAE04EC0-301F-11D3-BF4B-00C04F79EFBC}") = "FirebaseDotnet", "FirebaseDotnet\FirebaseDotnet.csproj", "{BC4306E6-76B5-469B-9EBE-BDEA9FC056FE}"
EndProject
Global
	GlobalSection(SolutionConfigurationPlatforms) = preSolution
		Debug|Any CPU = Debug|Any CPU
		Release|Any CPU = Release|Any CPU
	EndGlobalSection
	GlobalSection(ProjectConfigurationPlatforms) = postSolution
		{BC4306E6-76B5-469B-9EBE-BDEA9FC056FE}.Debug|Any CPU.ActiveCfg = Debug|Any CPU
		{BC4306E6-76B5-469B-9EBE-BDEA9FC056FE}.Debug|Any CPU.Build.0 = Debug|Any CPU
		{BC4306E6-76B5-469B-9EBE-BDEA9FC056FE}.Release|Any CPU.ActiveCfg = Release|Any CPU
		{BC4306E6-76B5-469B-9EBE-BDEA9FC056FE}.Release|Any CPU.Build.0 = Release|Any CPU
	EndGlobalSection
	GlobalSection(SolutionProperties) = preSolution
		HideSolutionNode = FALSE
	EndGlobalSection
	GlobalSection(ExtensibilityGlobals) = postSolution
		SolutionGuid = {86634CE4-C944-4872-9BDF-CC9EAA3BC4D7}
	EndGlobalSection
EndGlobal
